
Microsoft Visual Studio Solution File, Format Version 12.00
# Visual Studio Version 17
VisualStudioVersion = 17.0.31903.59
MinimumVisualStudioVersion = 10.0.40219.1
Project("{2150E333-8FDC-42A3-9474-1A3956D46DE8}") = "src", "src", "{827E0CD3-B72D-47B6-A68D-7590B98EB39B}"
EndProject
Project("{FAE04EC0-301F-11D3-BF4B-00C04F79EFBC}") = "StockSenseAI.Domain", "src\StockSenseAI.Domain\StockSenseAI.Domain.csproj", "{45AF1559-4837-4BEA-8C00-918BC91BA9E0}"
EndProject
Project("{FAE04EC0-301F-11D3-BF4B-00C04F79EFBC}") = "StockSenseAI.Application", "src\StockSenseAI.Application\StockSenseAI.Application.csproj", "{FBBF3A83-0C01-4619-BBBD-2333881C2D06}"
EndProject
Project("{FAE04EC0-301F-11D3-BF4B-00C04F79EFBC}") = "StockSenseAI.Infrastructure", "src\StockSenseAI.Infrastructure\StockSenseAI.Infrastructure.csproj", "{42AC5AA2-2A7C-4722-BEF3-C0700C805A5C}"
EndProject
Project("{FAE04EC0-301F-11D3-BF4B-00C04F79EFBC}") = "StockSenseAI.Api", "src\StockSenseAI.Api\StockSenseAI.Api.csproj", "{9372E7DC-DF3D-46E7-AE76-86FFFAE60FB3}"
EndProject
Project("{FAE04EC0-301F-11D3-BF4B-00C04F79EFBC}") = "StockSenseAI.UnitTests", "tests\StockSenseAI.UnitTests\StockSenseAI.UnitTests.csproj", "{299BB8B9-2246-4D55-9DAE-37C44BDB7C00}"
EndProject
Project("{FAE04EC0-301F-11D3-BF4B-00C04F79EFBC}") = "StockSenseAI.IntegrationTests", "tests\StockSenseAI.IntegrationTests\StockSenseAI.IntegrationTests.csproj", "{9EF2D1DD-7455-4038-B451-94DDC54CD488}"
EndProject
Global
	GlobalSection(SolutionConfigurationPlatforms) = preSolution
		Debug|Any CPU = Debug|Any CPU
		Debug|x64 = Debug|x64
		Debug|x86 = Debug|x86
		Release|Any CPU = Release|Any CPU
		Release|x64 = Release|x64
		Release|x86 = Release|x86
	EndGlobalSection
	GlobalSection(ProjectConfigurationPlatforms) = postSolution
		{45AF1559-4837-4BEA-8C00-918BC91BA9E0}.Debug|Any CPU.ActiveCfg = Debug|Any CPU
		{45AF1559-4837-4BEA-8C00-918BC91BA9E0}.Debug|Any CPU.Build.0 = Debug|Any CPU
		{45AF1559-4837-4BEA-8C00-918BC91BA9E0}.Debug|x64.ActiveCfg = Debug|Any CPU
		{45AF1559-4837-4BEA-8C00-918BC91BA9E0}.Debug|x64.Build.0 = Debug|Any CPU
		{45AF1559-4837-4BEA-8C00-918BC91BA9E0}.Debug|x86.ActiveCfg = Debug|Any CPU
		{45AF1559-4837-4BEA-8C00-918BC91BA9E0}.Debug|x86.Build.0 = Debug|Any CPU
		{45AF1559-4837-4BEA-8C00-918BC91BA9E0}.Release|Any CPU.ActiveCfg = Release|Any CPU
		{45AF1559-4837-4BEA-8C00-918BC91BA9E0}.Release|Any CPU.Build.0 = Release|Any CPU
		{45AF1559-4837-4BEA-8C00-918BC91BA9E0}.Release|x64.ActiveCfg = Release|Any CPU
		{45AF1559-4837-4BEA-8C00-918BC91BA9E0}.Release|x64.Build.0 = Release|Any CPU
		{45AF1559-4837-4BEA-8C00-918BC91BA9E0}.Release|x86.ActiveCfg = Release|Any CPU
		{45AF1559-4837-4BEA-8C00-918BC91BA9E0}.Release|x86.Build.0 = Release|Any CPU
		{FBBF3A83-0C01-4619-BBBD-2333881C2D06}.Debug|Any CPU.ActiveCfg = Debug|Any CPU
		{FBBF3A83-0C01-4619-BBBD-2333881C2D06}.Debug|Any CPU.Build.0 = Debug|Any CPU
		{FBBF3A83-0C01-4619-BBBD-2333881C2D06}.Debug|x64.ActiveCfg = Debug|Any CPU
		{FBBF3A83-0C01-4619-BBBD-2333881C2D06}.Debug|x64.Build.0 = Debug|Any CPU
		{FBBF3A83-0C01-4619-BBBD-2333881C2D06}.Debug|x86.ActiveCfg = Debug|Any CPU
		{FBBF3A83-0C01-4619-BBBD-2333881C2D06}.Debug|x86.Build.0 = Debug|Any CPU
		{FBBF3A83-0C01-4619-BBBD-2333881C2D06}.Release|Any CPU.ActiveCfg = Release|Any CPU
		{FBBF3A83-0C01-4619-BBBD-2333881C2D06}.Release|Any CPU.Build.0 = Release|Any CPU
		{FBBF3A83-0C01-4619-BBBD-2333881C2D06}.Release|x64.ActiveCfg = Release|Any CPU
		{FBBF3A83-0C01-4619-BBBD-2333881C2D06}.Release|x64.Build.0 = Release|Any CPU
		{FBBF3A83-0C01-4619-BBBD-2333881C2D06}.Release|x86.ActiveCfg = Release|Any CPU
		{FBBF3A83-0C01-4619-BBBD-2333881C2D06}.Release|x86.Build.0 = Release|Any CPU
		{42AC5AA2-2A7C-4722-BEF3-C0700C805A5C}.Debug|Any CPU.ActiveCfg = Debug|Any CPU
		{42AC5AA2-2A7C-4722-BEF3-C0700C805A5C}.Debug|Any CPU.Build.0 = Debug|Any CPU
		{42AC5AA2-2A7C-4722-BEF3-C0700C805A5C}.Debug|x64.ActiveCfg = Debug|Any CPU
		{42AC5AA2-2A7C-4722-BEF3-C0700C805A5C}.Debug|x64.Build.0 = Debug|Any CPU
		{42AC5AA2-2A7C-4722-BEF3-C0700C805A5C}.Debug|x86.ActiveCfg = Debug|Any CPU
		{42AC5AA2-2A7C-4722-BEF3-C0700C805A5C}.Debug|x86.Build.0 = Debug|Any CPU
		{42AC5AA2-2A7C-4722-BEF3-C0700C805A5C}.Release|Any CPU.ActiveCfg = Release|Any CPU
		{42AC5AA2-2A7C-4722-BEF3-C0700C805A5C}.Release|Any CPU.Build.0 = Release|Any CPU
		{42AC5AA2-2A7C-4722-BEF3-C0700C805A5C}.Release|x64.ActiveCfg = Release|Any CPU
		{42AC5AA2-2A7C-4722-BEF3-C0700C805A5C}.Release|x64.Build.0 = Release|Any CPU
		{42AC5AA2-2A7C-4722-BEF3-C0700C805A5C}.Release|x86.ActiveCfg = Release|Any CPU
		{42AC5AA2-2A7C-4722-BEF3-C0700C805A5C}.Release|x86.Build.0 = Release|Any CPU
		{9372E7DC-DF3D-46E7-AE76-86FFFAE60FB3}.Debug|Any CPU.ActiveCfg = Debug|Any CPU
		{9372E7DC-DF3D-46E7-AE76-86FFFAE60FB3}.Debug|Any CPU.Build.0 = Debug|Any CPU
		{9372E7DC-DF3D-46E7-AE76-86FFFAE60FB3}.Debug|x64.ActiveCfg = Debug|Any CPU
		{9372E7DC-DF3D-46E7-AE76-86FFFAE60FB3}.Debug|x64.Build.0 = Debug|Any CPU
		{9372E7DC-DF3D-46E7-AE76-86FFFAE60FB3}.Debug|x86.ActiveCfg = Debug|Any CPU
		{9372E7DC-DF3D-46E7-AE76-86FFFAE60FB3}.Debug|x86.Build.0 = Debug|Any CPU
		{9372E7DC-DF3D-46E7-AE76-86FFFAE60FB3}.Release|Any CPU.ActiveCfg = Release|Any CPU
		{9372E7DC-DF3D-46E7-AE76-86FFFAE60FB3}.Release|Any CPU.Build.0 = Release|Any CPU
		{9372E7DC-DF3D-46E7-AE76-86FFFAE60FB3}.Release|x64.ActiveCfg = Release|Any CPU
		{9372E7DC-DF3D-46E7-AE76-86FFFAE60FB3}.Release|x64.Build.0 = Release|Any CPU
		{9372E7DC-DF3D-46E7-AE76-86FFFAE60FB3}.Release|x86.ActiveCfg = Release|Any CPU
		{9372E7DC-DF3D-46E7-AE76-86FFFAE60FB3}.Release|x86.Build.0 = Release|Any CPU
		{299BB8B9-2246-4D55-9DAE-37C44BDB7C00}.Debug|Any CPU.ActiveCfg = Debug|Any CPU
		{299BB8B9-2246-4D55-9DAE-37C44BDB7C00}.Debug|Any CPU.Build.0 = Debug|Any CPU
		{299BB8B9-2246-4D55-9DAE-37C44BDB7C00}.Debug|x64.ActiveCfg = Debug|Any CPU
		{299BB8B9-2246-4D55-9DAE-37C44BDB7C00}.Debug|x64.Build.0 = Debug|Any CPU
		{299BB8B9-2246-4D55-9DAE-37C44BDB7C00}.Debug|x86.ActiveCfg = Debug|Any CPU
		{299BB8B9-2246-4D55-9DAE-37C44BDB7C00}.Debug|x86.Build.0 = Debug|Any CPU
		{299BB8B9-2246-4D55-9DAE-37C44BDB7C00}.Release|Any CPU.ActiveCfg = Release|Any CPU
		{299BB8B9-2246-4D55-9DAE-37C44BDB7C00}.Release|Any CPU.Build.0 = Release|Any CPU
		{299BB8B9-2246-4D55-9DAE-37C44BDB7C00}.Release|x64.ActiveCfg = Release|Any CPU
		{299BB8B9-2246-4D55-9DAE-37C44BDB7C00}.Release|x64.Build.0 = Release|Any CPU
		{299BB8B9-2246-4D55-9DAE-37C44BDB7C00}.Release|x86.ActiveCfg = Release|Any CPU
		{299BB8B9-2246-4D55-9DAE-37C44BDB7C00}.Release|x86.Build.0 = Release|Any CPU
		{9EF2D1DD-7455-4038-B451-94DDC54CD488}.Debug|Any CPU.ActiveCfg = Debug|Any CPU
		{9EF2D1DD-7455-4038-B451-94DDC54CD488}.Debug|Any CPU.Build.0 = Debug|Any CPU
		{9EF2D1DD-7455-4038-B451-94DDC54CD488}.Debug|x64.ActiveCfg = Debug|Any CPU
		{9EF2D1DD-7455-4038-B451-94DDC54CD488}.Debug|x64.Build.0 = Debug|Any CPU
		{9EF2D1DD-7455-4038-B451-94DDC54CD488}.Debug|x86.ActiveCfg = Debug|Any CPU
		{9EF2D1DD-7455-4038-B451-94DDC54CD488}.Debug|x86.Build.0 = Debug|Any CPU
		{9EF2D1DD-7455-4038-B451-94DDC54CD488}.Release|Any CPU.ActiveCfg = Release|Any CPU
		{9EF2D1DD-7455-4038-B451-94DDC54CD488}.Release|Any CPU.Build.0 = Release|Any CPU
		{9EF2D1DD-7455-4038-B451-94DDC54CD488}.Release|x64.ActiveCfg = Release|Any CPU
		{9EF2D1DD-7455-4038-B451-94DDC54CD488}.Release|x64.Build.0 = Release|Any CPU
		{9EF2D1DD-7455-4038-B451-94DDC54CD488}.Release|x86.ActiveCfg = Release|Any CPU
		{9EF2D1DD-7455-4038-B451-94DDC54CD488}.Release|x86.Build.0 = Release|Any CPU
	EndGlobalSection
	GlobalSection(SolutionProperties) = preSolution
		HideSolutionNode = FALSE
	EndGlobalSection
	GlobalSection(NestedProjects) = preSolution
		{45AF1559-4837-4BEA-8C00-918BC91BA9E0} = {827E0CD3-B72D-47B6-A68D-7590B98EB39B}
		{FBBF3A83-0C01-4619-BBBD-2333881C2D06} = {827E0CD3-B72D-47B6-A68D-7590B98EB39B}
		{42AC5AA2-2A7C-4722-BEF3-C0700C805A5C} = {827E0CD3-B72D-47B6-A68D-7590B98EB39B}
		{9372E7DC-DF3D-46E7-AE76-86FFFAE60FB3} = {827E0CD3-B72D-47B6-A68D-7590B98EB39B}
		{299BB8B9-2246-4D55-9DAE-37C44BDB7C00} = {827E0CD3-B72D-47B6-A68D-7590B98EB39B}
		{9EF2D1DD-7455-4038-B451-94DDC54CD488} = {827E0CD3-B72D-47B6-A68D-7590B98EB39B}
	EndGlobalSection
EndGlobal
